
Microsoft Visual Studio Solution File, Format Version 12.00
# Visual Studio Version 16
VisualStudioVersion = 16.0.29503.13
MinimumVisualStudioVersion = 10.0.40219.1
Project("{FAE04EC0-301F-11D3-BF4B-00C04F79EFBC}") = "KanoPlatformDetection", "KanoPlatformDetection.csproj", "{F77B0178-CCA9-4919-9A4E-0A6F4498425A}"
EndProject
Global
	GlobalSection(SolutionConfigurationPlatforms) = preSolution
		Debug|Any CPU = Debug|Any CPU
		Debug|ARM = Debug|ARM
		Debug|ARM64 = Debug|ARM64
		Debug|x64 = Debug|x64
		Debug|x86 = Debug|x86
		Release|Any CPU = Release|Any CPU
		Release|ARM = Release|ARM
		Release|ARM64 = Release|ARM64
		Release|x64 = Release|x64
		Release|x86 = Release|x86
	EndGlobalSection
	GlobalSection(ProjectConfigurationPlatforms) = postSolution
		{F77B0178-CCA9-4919-9A4E-0A6F4498425A}.Debug|Any CPU.ActiveCfg = Debug|Any CPU
		{F77B0178-CCA9-4919-9A4E-0A6F4498425A}.Debug|Any CPU.Build.0 = Debug|Any CPU
		{F77B0178-CCA9-4919-9A4E-0A6F4498425A}.Debug|ARM.ActiveCfg = Debug|ARM
		{F77B0178-CCA9-4919-9A4E-0A6F4498425A}.Debug|ARM.Build.0 = Debug|ARM
		{F77B0178-CCA9-4919-9A4E-0A6F4498425A}.Debug|ARM64.ActiveCfg = Debug|ARM64
		{F77B0178-CCA9-4919-9A4E-0A6F4498425A}.Debug|ARM64.Build.0 = Debug|ARM64
		{F77B0178-CCA9-4919-9A4E-0A6F4498425A}.Debug|x64.ActiveCfg = Debug|x64
		{F77B0178-CCA9-4919-9A4E-0A6F4498425A}.Debug|x64.Build.0 = Debug|x64
		{F77B0178-CCA9-4919-9A4E-0A6F4498425A}.Debug|x86.ActiveCfg = Debug|x86
		{F77B0178-CCA9-4919-9A4E-0A6F4498425A}.Debug|x86.Build.0 = Debug|x86
		{F77B0178-CCA9-4919-9A4E-0A6F4498425A}.Release|Any CPU.ActiveCfg = Release|Any CPU
		{F77B0178-CCA9-4919-9A4E-0A6F4498425A}.Release|Any CPU.Build.0 = Release|Any CPU
		{F77B0178-CCA9-4919-9A4E-0A6F4498425A}.Release|ARM.ActiveCfg = Release|ARM
		{F77B0178-CCA9-4919-9A4E-0A6F4498425A}.Release|ARM.Build.0 = Release|ARM
		{F77B0178-CCA9-4919-9A4E-0A6F4498425A}.Release|ARM64.ActiveCfg = Release|ARM64
		{F77B0178-CCA9-4919-9A4E-0A6F4498425A}.Release|ARM64.Build.0 = Release|ARM64
		{F77B0178-CCA9-4919-9A4E-0A6F4498425A}.Release|x64.ActiveCfg = Release|x64
		{F77B0178-CCA9-4919-9A4E-0A6F4498425A}.Release|x64.Build.0 = Release|x64
		{F77B0178-CCA9-4919-9A4E-0A6F4498425A}.Release|x86.ActiveCfg = Release|x86
		{F77B0178-CCA9-4919-9A4E-0A6F4498425A}.Release|x86.Build.0 = Release|x86
	EndGlobalSection
	GlobalSection(SolutionProperties) = preSolution
		HideSolutionNode = FALSE
	EndGlobalSection
	GlobalSection(ExtensibilityGlobals) = postSolution
		SolutionGuid = {4BDED34E-0738-4A3A-83D5-9F96AD36A6EB}
	EndGlobalSection
EndGlobal
